
Microsoft Visual Studio Solution File, Format Version 12.00
# Visual Studio Version 16
VisualStudioVersion = 16.0.30413.136
MinimumVisualStudioVersion = 10.0.40219.1
Project("{9A19103F-16F7-4668-BE54-9A1E7A4F7556}") = "ColecaoLivrosAPIWeb", "ColecaoLivrosAPIWeb\ColecaoLivrosAPIWeb.csproj", "{BD960818-1155-43B2-8860-0FFD51F7AEDA}"
	ProjectSection(ProjectDependencies) = postProject
		{70C0F91B-C106-4535-AE8B-C428563298C3} = {70C0F91B-C106-4535-AE8B-C428563298C3}
	EndProjectSection
EndProject
Project("{9A19103F-16F7-4668-BE54-9A1E7A4F7556}") = "ColecaoLivrosAPI.Domain", "sd\ColecaoLivrosAPI.Domain.csproj", "{A3811003-F7A1-41E2-9290-4B5C1E653B5A}"
EndProject
Project("{9A19103F-16F7-4668-BE54-9A1E7A4F7556}") = "ColecaoLivrosAPI.Repository", "34ew\ColecaoLivrosAPI.Repository.csproj", "{70C0F91B-C106-4535-AE8B-C428563298C3}"
	ProjectSection(ProjectDependencies) = postProject
		{A3811003-F7A1-41E2-9290-4B5C1E653B5A} = {A3811003-F7A1-41E2-9290-4B5C1E653B5A}
	EndProjectSection
EndProject
Project("{9A19103F-16F7-4668-BE54-9A1E7A4F7556}") = "ColecaoLivrosAPI.Application", "ColecaLivrosAPI.Application\ColecaoLivrosAPI.Application.csproj", "{D699AB29-8272-44B6-B371-5043B4418242}"
EndProject
Global
	GlobalSection(SolutionConfigurationPlatforms) = preSolution
		Debug|Any CPU = Debug|Any CPU
		Release|Any CPU = Release|Any CPU
	EndGlobalSection
	GlobalSection(ProjectConfigurationPlatforms) = postSolution
		{BD960818-1155-43B2-8860-0FFD51F7AEDA}.Debug|Any CPU.ActiveCfg = Debug|Any CPU
		{BD960818-1155-43B2-8860-0FFD51F7AEDA}.Debug|Any CPU.Build.0 = Debug|Any CPU
		{BD960818-1155-43B2-8860-0FFD51F7AEDA}.Release|Any CPU.ActiveCfg = Release|Any CPU
		{BD960818-1155-43B2-8860-0FFD51F7AEDA}.Release|Any CPU.Build.0 = Release|Any CPU
		{A3811003-F7A1-41E2-9290-4B5C1E653B5A}.Debug|Any CPU.ActiveCfg = Debug|Any CPU
		{A3811003-F7A1-41E2-9290-4B5C1E653B5A}.Debug|Any CPU.Build.0 = Debug|Any CPU
		{A3811003-F7A1-41E2-9290-4B5C1E653B5A}.Release|Any CPU.ActiveCfg = Release|Any CPU
		{A3811003-F7A1-41E2-9290-4B5C1E653B5A}.Release|Any CPU.Build.0 = Release|Any CPU
		{70C0F91B-C106-4535-AE8B-C428563298C3}.Debug|Any CPU.ActiveCfg = Debug|Any CPU
		{70C0F91B-C106-4535-AE8B-C428563298C3}.Debug|Any CPU.Build.0 = Debug|Any CPU
		{70C0F91B-C106-4535-AE8B-C428563298C3}.Release|Any CPU.ActiveCfg = Release|Any CPU
		{70C0F91B-C106-4535-AE8B-C428563298C3}.Release|Any CPU.Build.0 = Release|Any CPU
		{D699AB29-8272-44B6-B371-5043B4418242}.Debug|Any CPU.ActiveCfg = Debug|Any CPU
		{D699AB29-8272-44B6-B371-5043B4418242}.Debug|Any CPU.Build.0 = Debug|Any CPU
		{D699AB29-8272-44B6-B371-5043B4418242}.Release|Any CPU.ActiveCfg = Release|Any CPU
		{D699AB29-8272-44B6-B371-5043B4418242}.Release|Any CPU.Build.0 = Release|Any CPU
	EndGlobalSection
	GlobalSection(SolutionProperties) = preSolution
		HideSolutionNode = FALSE
	EndGlobalSection
	GlobalSection(ExtensibilityGlobals) = postSolution
		SolutionGuid = {FAE0F636-3E1C-4344-A97B-3906976805BE}
	EndGlobalSection
EndGlobal
