
Microsoft Visual Studio Solution File, Format Version 12.00
# Visual Studio Version 16
VisualStudioVersion = 16.0.30413.136
MinimumVisualStudioVersion = 10.0.40219.1
Project("{9A19103F-16F7-4668-BE54-9A1E7A4F7556}") = "ColecaoLivrosAPIWeb", "ColecaoLivrosAPIWeb\ColecaoLivrosAPIWeb.csproj", "{BD960818-1155-43B2-8860-0FFD51F7AEDA}"
EndProject
Project("{9A19103F-16F7-4668-BE54-9A1E7A4F7556}") = "ColecaoLivrosAPI.Application", "ColecaLivrosAPI.Application\ColecaoLivrosAPI.Application.csproj", "{D699AB29-8272-44B6-B371-5043B4418242}"
EndProject
Project("{9A19103F-16F7-4668-BE54-9A1E7A4F7556}") = "ColecaoLivrosAPI.Repository", "ColecaoLivrosAPI.Repository\ColecaoLivrosAPI.Repository.csproj", "{C2E9BFBE-CA45-42C5-9B51-9488CDAFDA21}"
EndProject
Project("{9A19103F-16F7-4668-BE54-9A1E7A4F7556}") = "ColecaoLivrosAPI.Domain", "ColecaoLivrosAPI.Domain\ColecaoLivrosAPI.Domain.csproj", "{F7CA4EF1-58CA-41D2-9622-A13EBE9437FB}"
EndProject
Project("{9A19103F-16F7-4668-BE54-9A1E7A4F7556}") = "Utils", "Utils\Utils.csproj", "{133942C7-BAA8-4C44-B239-A1FB7BE2D818}"
EndProject
Project("{FAE04EC0-301F-11D3-BF4B-00C04F79EFBC}") = "ColecaoLivrosApi.Test", "ColecaoLivrosApi.Test\ColecaoLivrosApi.Test.csproj", "{E8E23C8A-3261-4150-A6BD-B69BD33BD8B4}"
EndProject
Global
	GlobalSection(SolutionConfigurationPlatforms) = preSolution
		Debug|Any CPU = Debug|Any CPU
		Release|Any CPU = Release|Any CPU
	EndGlobalSection
	GlobalSection(ProjectConfigurationPlatforms) = postSolution
		{BD960818-1155-43B2-8860-0FFD51F7AEDA}.Debug|Any CPU.ActiveCfg = Debug|Any CPU
		{BD960818-1155-43B2-8860-0FFD51F7AEDA}.Debug|Any CPU.Build.0 = Debug|Any CPU
		{BD960818-1155-43B2-8860-0FFD51F7AEDA}.Release|Any CPU.ActiveCfg = Release|Any CPU
		{BD960818-1155-43B2-8860-0FFD51F7AEDA}.Release|Any CPU.Build.0 = Release|Any CPU
		{D699AB29-8272-44B6-B371-5043B4418242}.Debug|Any CPU.ActiveCfg = Debug|Any CPU
		{D699AB29-8272-44B6-B371-5043B4418242}.Debug|Any CPU.Build.0 = Debug|Any CPU
		{D699AB29-8272-44B6-B371-5043B4418242}.Release|Any CPU.ActiveCfg = Release|Any CPU
		{D699AB29-8272-44B6-B371-5043B4418242}.Release|Any CPU.Build.0 = Release|Any CPU
		{C2E9BFBE-CA45-42C5-9B51-9488CDAFDA21}.Debug|Any CPU.ActiveCfg = Debug|Any CPU
		{C2E9BFBE-CA45-42C5-9B51-9488CDAFDA21}.Debug|Any CPU.Build.0 = Debug|Any CPU
		{C2E9BFBE-CA45-42C5-9B51-9488CDAFDA21}.Release|Any CPU.ActiveCfg = Release|Any CPU
		{C2E9BFBE-CA45-42C5-9B51-9488CDAFDA21}.Release|Any CPU.Build.0 = Release|Any CPU
		{F7CA4EF1-58CA-41D2-9622-A13EBE9437FB}.Debug|Any CPU.ActiveCfg = Debug|Any CPU
		{F7CA4EF1-58CA-41D2-9622-A13EBE9437FB}.Debug|Any CPU.Build.0 = Debug|Any CPU
		{F7CA4EF1-58CA-41D2-9622-A13EBE9437FB}.Release|Any CPU.ActiveCfg = Release|Any CPU
		{F7CA4EF1-58CA-41D2-9622-A13EBE9437FB}.Release|Any CPU.Build.0 = Release|Any CPU
		{133942C7-BAA8-4C44-B239-A1FB7BE2D818}.Debug|Any CPU.ActiveCfg = Debug|Any CPU
		{133942C7-BAA8-4C44-B239-A1FB7BE2D818}.Debug|Any CPU.Build.0 = Debug|Any CPU
		{133942C7-BAA8-4C44-B239-A1FB7BE2D818}.Release|Any CPU.ActiveCfg = Release|Any CPU
		{133942C7-BAA8-4C44-B239-A1FB7BE2D818}.Release|Any CPU.Build.0 = Release|Any CPU
		{E8E23C8A-3261-4150-A6BD-B69BD33BD8B4}.Debug|Any CPU.ActiveCfg = Debug|Any CPU
		{E8E23C8A-3261-4150-A6BD-B69BD33BD8B4}.Debug|Any CPU.Build.0 = Debug|Any CPU
		{E8E23C8A-3261-4150-A6BD-B69BD33BD8B4}.Release|Any CPU.ActiveCfg = Release|Any CPU
		{E8E23C8A-3261-4150-A6BD-B69BD33BD8B4}.Release|Any CPU.Build.0 = Release|Any CPU
	EndGlobalSection
	GlobalSection(SolutionProperties) = preSolution
		HideSolutionNode = FALSE
	EndGlobalSection
	GlobalSection(ExtensibilityGlobals) = postSolution
		SolutionGuid = {FAE0F636-3E1C-4344-A97B-3906976805BE}
	EndGlobalSection
EndGlobal
